// !$*UTF8*$!
{
	archiveVersion = 1;
	classes = {
	};
	objectVersion = 56;
	objects = {

/* Begin PBXBuildFile section */
		F9613FEB2986F113003C0532 /* Z2_ListApp.swift in Sources */ = {isa = PBXBuildFile; fileRef = F9613FEA2986F113003C0532 /* Z2_ListApp.swift */; };
		F9613FED2986F113003C0532 /* ContentView.swift in Sources */ = {isa = PBXBuildFile; fileRef = F9613FEC2986F113003C0532 /* ContentView.swift */; };
		F9613FEF2986F114003C0532 /* Assets.xcassets in Resources */ = {isa = PBXBuildFile; fileRef = F9613FEE2986F114003C0532 /* Assets.xcassets */; };
		F9613FF32986F114003C0532 /* Preview Assets.xcassets in Resources */ = {isa = PBXBuildFile; fileRef = F9613FF22986F114003C0532 /* Preview Assets.xcassets */; };
		F9613FFD2986F114003C0532 /* Z2_ListTests.swift in Sources */ = {isa = PBXBuildFile; fileRef = F9613FFC2986F114003C0532 /* Z2_ListTests.swift */; };
		F96140072986F114003C0532 /* Z2_ListUITests.swift in Sources */ = {isa = PBXBuildFile; fileRef = F96140062986F114003C0532 /* Z2_ListUITests.swift */; };
		F96140092986F114003C0532 /* Z2_ListUITestsLaunchTests.swift in Sources */ = {isa = PBXBuildFile; fileRef = F96140082986F114003C0532 /* Z2_ListUITestsLaunchTests.swift */; };
		F96140162986F757003C0532 /* TaskView.swift in Sources */ = {isa = PBXBuildFile; fileRef = F96140152986F757003C0532 /* TaskView.swift */; };
/* End PBXBuildFile section */

/* Begin PBXContainerItemProxy section */
		F9613FF92986F114003C0532 /* PBXContainerItemProxy */ = {
			isa = PBXContainerItemProxy;
			containerPortal = F9613FDF2986F112003C0532 /* Project object */;
			proxyType = 1;
			remoteGlobalIDString = F9613FE62986F112003C0532;
			remoteInfo = "Z2 List";
		};
		F96140032986F114003C0532 /* PBXContainerItemProxy */ = {
			isa = PBXContainerItemProxy;
			containerPortal = F9613FDF2986F112003C0532 /* Project object */;
			proxyType = 1;
			remoteGlobalIDString = F9613FE62986F112003C0532;
			remoteInfo = "Z2 List";
		};
/* End PBXContainerItemProxy section */

/* Begin PBXFileReference section */
		F9613FE72986F112003C0532 /* Z2 List.app */ = {isa = PBXFileReference; explicitFileType = wrapper.application; includeInIndex = 0; path = "Z2 List.app"; sourceTree = BUILT_PRODUCTS_DIR; };
		F9613FEA2986F113003C0532 /* Z2_ListApp.swift */ = {isa = PBXFileReference; lastKnownFileType = sourcecode.swift; path = Z2_ListApp.swift; sourceTree = "<group>"; };
		F9613FEC2986F113003C0532 /* ContentView.swift */ = {isa = PBXFileReference; lastKnownFileType = sourcecode.swift; path = ContentView.swift; sourceTree = "<group>"; };
		F9613FEE2986F114003C0532 /* Assets.xcassets */ = {isa = PBXFileReference; lastKnownFileType = folder.assetcatalog; path = Assets.xcassets; sourceTree = "<group>"; };
		F9613FF02986F114003C0532 /* Z2_List.entitlements */ = {isa = PBXFileReference; lastKnownFileType = text.plist.entitlements; path = Z2_List.entitlements; sourceTree = "<group>"; };
		F9613FF22986F114003C0532 /* Preview Assets.xcassets */ = {isa = PBXFileReference; lastKnownFileType = folder.assetcatalog; path = "Preview Assets.xcassets"; sourceTree = "<group>"; };
		F9613FF82986F114003C0532 /* Z2 ListTests.xctest */ = {isa = PBXFileReference; explicitFileType = wrapper.cfbundle; includeInIndex = 0; path = "Z2 ListTests.xctest"; sourceTree = BUILT_PRODUCTS_DIR; };
		F9613FFC2986F114003C0532 /* Z2_ListTests.swift */ = {isa = PBXFileReference; lastKnownFileType = sourcecode.swift; path = Z2_ListTests.swift; sourceTree = "<group>"; };
		F96140022986F114003C0532 /* Z2 ListUITests.xctest */ = {isa = PBXFileReference; explicitFileType = wrapper.cfbundle; includeInIndex = 0; path = "Z2 ListUITests.xctest"; sourceTree = BUILT_PRODUCTS_DIR; };
		F96140062986F114003C0532 /* Z2_ListUITests.swift */ = {isa = PBXFileReference; lastKnownFileType = sourcecode.swift; path = Z2_ListUITests.swift; sourceTree = "<group>"; };
		F96140082986F114003C0532 /* Z2_ListUITestsLaunchTests.swift */ = {isa = PBXFileReference; lastKnownFileType = sourcecode.swift; path = Z2_ListUITestsLaunchTests.swift; sourceTree = "<group>"; };
		F96140152986F757003C0532 /* TaskView.swift */ = {isa = PBXFileReference; lastKnownFileType = sourcecode.swift; path = TaskView.swift; sourceTree = "<group>"; };
/* End PBXFileReference section */

/* Begin PBXFrameworksBuildPhase section */
		F9613FE42986F112003C0532 /* Frameworks */ = {
			isa = PBXFrameworksBuildPhase;
			buildActionMask = 2147483647;
			files = (
			);
			runOnlyForDeploymentPostprocessing = 0;
		};
		F9613FF52986F114003C0532 /* Frameworks */ = {
			isa = PBXFrameworksBuildPhase;
			buildActionMask = 2147483647;
			files = (
			);
			runOnlyForDeploymentPostprocessing = 0;
		};
		F9613FFF2986F114003C0532 /* Frameworks */ = {
			isa = PBXFrameworksBuildPhase;
			buildActionMask = 2147483647;
			files = (
			);
			runOnlyForDeploymentPostprocessing = 0;
		};
/* End PBXFrameworksBuildPhase section */

/* Begin PBXGroup section */
		F9613FDE2986F112003C0532 = {
			isa = PBXGroup;
			children = (
				F9613FE92986F112003C0532 /* Z2 List */,
				F9613FFB2986F114003C0532 /* Z2 ListTests */,
				F96140052986F114003C0532 /* Z2 ListUITests */,
				F9613FE82986F112003C0532 /* Products */,
			);
			sourceTree = "<group>";
		};
		F9613FE82986F112003C0532 /* Products */ = {
			isa = PBXGroup;
			children = (
				F9613FE72986F112003C0532 /* Z2 List.app */,
				F9613FF82986F114003C0532 /* Z2 ListTests.xctest */,
				F96140022986F114003C0532 /* Z2 ListUITests.xctest */,
			);
			name = Products;
			sourceTree = "<group>";
		};
		F9613FE92986F112003C0532 /* Z2 List */ = {
			isa = PBXGroup;
			children = (
				F9613FEA2986F113003C0532 /* Z2_ListApp.swift */,
				F9613FEC2986F113003C0532 /* ContentView.swift */,
				F9613FEE2986F114003C0532 /* Assets.xcassets */,
				F9613FF02986F114003C0532 /* Z2_List.entitlements */,
				F9613FF12986F114003C0532 /* Preview Content */,
				F96140152986F757003C0532 /* TaskView.swift */,
			);
			path = "Z2 List";
			sourceTree = "<group>";
		};
		F9613FF12986F114003C0532 /* Preview Content */ = {
			isa = PBXGroup;
			children = (
				F9613FF22986F114003C0532 /* Preview Assets.xcassets */,
			);
			path = "Preview Content";
			sourceTree = "<group>";
		};
		F9613FFB2986F114003C0532 /* Z2 ListTests */ = {
			isa = PBXGroup;
			children = (
				F9613FFC2986F114003C0532 /* Z2_ListTests.swift */,
			);
			path = "Z2 ListTests";
			sourceTree = "<group>";
		};
		F96140052986F114003C0532 /* Z2 ListUITests */ = {
			isa = PBXGroup;
			children = (
				F96140062986F114003C0532 /* Z2_ListUITests.swift */,
				F96140082986F114003C0532 /* Z2_ListUITestsLaunchTests.swift */,
			);
			path = "Z2 ListUITests";
			sourceTree = "<group>";
		};
/* End PBXGroup section */

/* Begin PBXNativeTarget section */
		F9613FE62986F112003C0532 /* Z2 List */ = {
			isa = PBXNativeTarget;
			buildConfigurationList = F961400C2986F114003C0532 /* Build configuration list for PBXNativeTarget "Z2 List" */;
			buildPhases = (
				F9613FE32986F112003C0532 /* Sources */,
				F9613FE42986F112003C0532 /* Frameworks */,
				F9613FE52986F112003C0532 /* Resources */,
			);
			buildRules = (
			);
			dependencies = (
			);
			name = "Z2 List";
			productName = "Z2 List";
			productReference = F9613FE72986F112003C0532 /* Z2 List.app */;
			productType = "com.apple.product-type.application";
		};
		F9613FF72986F114003C0532 /* Z2 ListTests */ = {
			isa = PBXNativeTarget;
			buildConfigurationList = F961400F2986F114003C0532 /* Build configuration list for PBXNativeTarget "Z2 ListTests" */;
			buildPhases = (
				F9613FF42986F114003C0532 /* Sources */,
				F9613FF52986F114003C0532 /* Frameworks */,
				F9613FF62986F114003C0532 /* Resources */,
			);
			buildRules = (
			);
			dependencies = (
				F9613FFA2986F114003C0532 /* PBXTargetDependency */,
			);
			name = "Z2 ListTests";
			productName = "Z2 ListTests";
			productReference = F9613FF82986F114003C0532 /* Z2 ListTests.xctest */;
			productType = "com.apple.product-type.bundle.unit-test";
		};
		F96140012986F114003C0532 /* Z2 ListUITests */ = {
			isa = PBXNativeTarget;
			buildConfigurationList = F96140122986F114003C0532 /* Build configuration list for PBXNativeTarget "Z2 ListUITests" */;
			buildPhases = (
				F9613FFE2986F114003C0532 /* Sources */,
				F9613FFF2986F114003C0532 /* Frameworks */,
				F96140002986F114003C0532 /* Resources */,
			);
			buildRules = (
			);
			dependencies = (
				F96140042986F114003C0532 /* PBXTargetDependency */,
			);
			name = "Z2 ListUITests";
			productName = "Z2 ListUITests";
			productReference = F96140022986F114003C0532 /* Z2 ListUITests.xctest */;
			productType = "com.apple.product-type.bundle.ui-testing";
		};
/* End PBXNativeTarget section */

/* Begin PBXProject section */
		F9613FDF2986F112003C0532 /* Project object */ = {
			isa = PBXProject;
			attributes = {
				BuildIndependentTargetsInParallel = 1;
				LastSwiftUpdateCheck = 1420;
				LastUpgradeCheck = 1420;
				TargetAttributes = {
					F9613FE62986F112003C0532 = {
						CreatedOnToolsVersion = 14.2;
					};
					F9613FF72986F114003C0532 = {
						CreatedOnToolsVersion = 14.2;
						TestTargetID = F9613FE62986F112003C0532;
					};
					F96140012986F114003C0532 = {
						CreatedOnToolsVersion = 14.2;
						TestTargetID = F9613FE62986F112003C0532;
					};
				};
			};
			buildConfigurationList = F9613FE22986F112003C0532 /* Build configuration list for PBXProject "Z2 List" */;
			compatibilityVersion = "Xcode 14.0";
			developmentRegion = en;
			hasScannedForEncodings = 0;
			knownRegions = (
				en,
				Base,
			);
			mainGroup = F9613FDE2986F112003C0532;
			productRefGroup = F9613FE82986F112003C0532 /* Products */;
			projectDirPath = "";
			projectRoot = "";
			targets = (
				F9613FE62986F112003C0532 /* Z2 List */,
				F9613FF72986F114003C0532 /* Z2 ListTests */,
				F96140012986F114003C0532 /* Z2 ListUITests */,
			);
		};
/* End PBXProject section */

/* Begin PBXResourcesBuildPhase section */
		F9613FE52986F112003C0532 /* Resources */ = {
			isa = PBXResourcesBuildPhase;
			buildActionMask = 2147483647;
			files = (
				F9613FF32986F114003C0532 /* Preview Assets.xcassets in Resources */,
				F9613FEF2986F114003C0532 /* Assets.xcassets in Resources */,
			);
			runOnlyForDeploymentPostprocessing = 0;
		};
		F9613FF62986F114003C0532 /* Resources */ = {
			isa = PBXResourcesBuildPhase;
			buildActionMask = 2147483647;
			files = (
			);
			runOnlyForDeploymentPostprocessing = 0;
		};
		F96140002986F114003C0532 /* Resources */ = {
			isa = PBXResourcesBuildPhase;
			buildActionMask = 2147483647;
			files = (
			);
			runOnlyForDeploymentPostprocessing = 0;
		};
/* End PBXResourcesBuildPhase section */

/* Begin PBXSourcesBuildPhase section */
		F9613FE32986F112003C0532 /* Sources */ = {
			isa = PBXSourcesBuildPhase;
			buildActionMask = 2147483647;
			files = (
				F96140162986F757003C0532 /* TaskView.swift in Sources */,
				F9613FED2986F113003C0532 /* ContentView.swift in Sources */,
				F9613FEB2986F113003C0532 /* Z2_ListApp.swift in Sources */,
			);
			runOnlyForDeploymentPostprocessing = 0;
		};
		F9613FF42986F114003C0532 /* Sources */ = {
			isa = PBXSourcesBuildPhase;
			buildActionMask = 2147483647;
			files = (
				F9613FFD2986F114003C0532 /* Z2_ListTests.swift in Sources */,
			);
			runOnlyForDeploymentPostprocessing = 0;
		};
		F9613FFE2986F114003C0532 /* Sources */ = {
			isa = PBXSourcesBuildPhase;
			buildActionMask = 2147483647;
			files = (
				F96140092986F114003C0532 /* Z2_ListUITestsLaunchTests.swift in Sources */,
				F96140072986F114003C0532 /* Z2_ListUITests.swift in Sources */,
			);
			runOnlyForDeploymentPostprocessing = 0;
		};
/* End PBXSourcesBuildPhase section */

/* Begin PBXTargetDependency section */
		F9613FFA2986F114003C0532 /* PBXTargetDependency */ = {
			isa = PBXTargetDependency;
			target = F9613FE62986F112003C0532 /* Z2 List */;
			targetProxy = F9613FF92986F114003C0532 /* PBXContainerItemProxy */;
		};
		F96140042986F114003C0532 /* PBXTargetDependency */ = {
			isa = PBXTargetDependency;
			target = F9613FE62986F112003C0532 /* Z2 List */;
			targetProxy = F96140032986F114003C0532 /* PBXContainerItemProxy */;
		};
/* End PBXTargetDependency section */

/* Begin XCBuildConfiguration section */
		F961400A2986F114003C0532 /* Debug */ = {
			isa = XCBuildConfiguration;
			buildSettings = {
				ALWAYS_SEARCH_USER_PATHS = NO;
				CLANG_ANALYZER_NONNULL = YES;
				CLANG_ANALYZER_NUMBER_OBJECT_CONVERSION = YES_AGGRESSIVE;
				CLANG_CXX_LANGUAGE_STANDARD = "gnu++20";
				CLANG_ENABLE_MODULES = YES;
				CLANG_ENABLE_OBJC_ARC = YES;
				CLANG_ENABLE_OBJC_WEAK = YES;
				CLANG_WARN_BLOCK_CAPTURE_AUTORELEASING = YES;
				CLANG_WARN_BOOL_CONVERSION = YES;
				CLANG_WARN_COMMA = YES;
				CLANG_WARN_CONSTANT_CONVERSION = YES;
				CLANG_WARN_DEPRECATED_OBJC_IMPLEMENTATIONS = YES;
				CLANG_WARN_DIRECT_OBJC_ISA_USAGE = YES_ERROR;
				CLANG_WARN_DOCUMENTATION_COMMENTS = YES;
				CLANG_WARN_EMPTY_BODY = YES;
				CLANG_WARN_ENUM_CONVERSION = YES;
				CLANG_WARN_INFINITE_RECURSION = YES;
				CLANG_WARN_INT_CONVERSION = YES;
				CLANG_WARN_NON_LITERAL_NULL_CONVERSION = YES;
				CLANG_WARN_OBJC_IMPLICIT_RETAIN_SELF = YES;
				CLANG_WARN_OBJC_LITERAL_CONVERSION = YES;
				CLANG_WARN_OBJC_ROOT_CLASS = YES_ERROR;
				CLANG_WARN_QUOTED_INCLUDE_IN_FRAMEWORK_HEADER = YES;
				CLANG_WARN_RANGE_LOOP_ANALYSIS = YES;
				CLANG_WARN_STRICT_PROTOTYPES = YES;
				CLANG_WARN_SUSPICIOUS_MOVE = YES;
				CLANG_WARN_UNGUARDED_AVAILABILITY = YES_AGGRESSIVE;
				CLANG_WARN_UNREACHABLE_CODE = YES;
				CLANG_WARN__DUPLICATE_METHOD_MATCH = YES;
				COPY_PHASE_STRIP = NO;
				DEBUG_INFORMATION_FORMAT = dwarf;
				ENABLE_STRICT_OBJC_MSGSEND = YES;
				ENABLE_TESTABILITY = YES;
				GCC_C_LANGUAGE_STANDARD = gnu11;
				GCC_DYNAMIC_NO_PIC = NO;
				GCC_NO_COMMON_BLOCKS = YES;
				GCC_OPTIMIZATION_LEVEL = 0;
				GCC_PREPROCESSOR_DEFINITIONS = (
					"DEBUG=1",
					"$(inherited)",
				);
				GCC_WARN_64_TO_32_BIT_CONVERSION = YES;
				GCC_WARN_ABOUT_RETURN_TYPE = YES_ERROR;
				GCC_WARN_UNDECLARED_SELECTOR = YES;
				GCC_WARN_UNINITIALIZED_AUTOS = YES_AGGRESSIVE;
				GCC_WARN_UNUSED_FUNCTION = YES;
				GCC_WARN_UNUSED_VARIABLE = YES;
				MTL_ENABLE_DEBUG_INFO = INCLUDE_SOURCE;
				MTL_FAST_MATH = YES;
				ONLY_ACTIVE_ARCH = YES;
				SWIFT_ACTIVE_COMPILATION_CONDITIONS = DEBUG;
				SWIFT_OPTIMIZATION_LEVEL = "-Onone";
			};
			name = Debug;
		};
		F961400B2986F114003C0532 /* Release */ = {
			isa = XCBuildConfiguration;
			buildSettings = {
				ALWAYS_SEARCH_USER_PATHS = NO;
				CLANG_ANALYZER_NONNULL = YES;
				CLANG_ANALYZER_NUMBER_OBJECT_CONVERSION = YES_AGGRESSIVE;
				CLANG_CXX_LANGUAGE_STANDARD = "gnu++20";
				CLANG_ENABLE_MODULES = YES;
				CLANG_ENABLE_OBJC_ARC = YES;
				CLANG_ENABLE_OBJC_WEAK = YES;
				CLANG_WARN_BLOCK_CAPTURE_AUTORELEASING = YES;
				CLANG_WARN_BOOL_CONVERSION = YES;
				CLANG_WARN_COMMA = YES;
				CLANG_WARN_CONSTANT_CONVERSION = YES;
				CLANG_WARN_DEPRECATED_OBJC_IMPLEMENTATIONS = YES;
				CLANG_WARN_DIRECT_OBJC_ISA_USAGE = YES_ERROR;
				CLANG_WARN_DOCUMENTATION_COMMENTS = YES;
				CLANG_WARN_EMPTY_BODY = YES;
				CLANG_WARN_ENUM_CONVERSION = YES;
				CLANG_WARN_INFINITE_RECURSION = YES;
				CLANG_WARN_INT_CONVERSION = YES;
				CLANG_WARN_NON_LITERAL_NULL_CONVERSION = YES;
				CLANG_WARN_OBJC_IMPLICIT_RETAIN_SELF = YES;
				CLANG_WARN_OBJC_LITERAL_CONVERSION = YES;
				CLANG_WARN_OBJC_ROOT_CLASS = YES_ERROR;
				CLANG_WARN_QUOTED_INCLUDE_IN_FRAMEWORK_HEADER = YES;
				CLANG_WARN_RANGE_LOOP_ANALYSIS = YES;
				CLANG_WARN_STRICT_PROTOTYPES = YES;
				CLANG_WARN_SUSPICIOUS_MOVE = YES;
				CLANG_WARN_UNGUARDED_AVAILABILITY = YES_AGGRESSIVE;
				CLANG_WARN_UNREACHABLE_CODE = YES;
				CLANG_WARN__DUPLICATE_METHOD_MATCH = YES;
				COPY_PHASE_STRIP = NO;
				DEBUG_INFORMATION_FORMAT = "dwarf-with-dsym";
				ENABLE_NS_ASSERTIONS = NO;
				ENABLE_STRICT_OBJC_MSGSEND = YES;
				GCC_C_LANGUAGE_STANDARD = gnu11;
				GCC_NO_COMMON_BLOCKS = YES;
				GCC_WARN_64_TO_32_BIT_CONVERSION = YES;
				GCC_WARN_ABOUT_RETURN_TYPE = YES_ERROR;
				GCC_WARN_UNDECLARED_SELECTOR = YES;
				GCC_WARN_UNINITIALIZED_AUTOS = YES_AGGRESSIVE;
				GCC_WARN_UNUSED_FUNCTION = YES;
				GCC_WARN_UNUSED_VARIABLE = YES;
				MTL_ENABLE_DEBUG_INFO = NO;
				MTL_FAST_MATH = YES;
				SWIFT_COMPILATION_MODE = wholemodule;
				SWIFT_OPTIMIZATION_LEVEL = "-O";
			};
			name = Release;
		};
		F961400D2986F114003C0532 /* Debug */ = {
			isa = XCBuildConfiguration;
			buildSettings = {
				ASSETCATALOG_COMPILER_APPICON_NAME = AppIcon;
				ASSETCATALOG_COMPILER_GLOBAL_ACCENT_COLOR_NAME = AccentColor;
				CODE_SIGN_ENTITLEMENTS = "Z2 List/Z2_List.entitlements";
				CODE_SIGN_STYLE = Automatic;
				CURRENT_PROJECT_VERSION = 1;
				DEVELOPMENT_ASSET_PATHS = "\"Z2 List/Preview Content\"";
				ENABLE_PREVIEWS = YES;
				GENERATE_INFOPLIST_FILE = YES;
				"INFOPLIST_KEY_UIApplicationSceneManifest_Generation[sdk=iphoneos*]" = YES;
				"INFOPLIST_KEY_UIApplicationSceneManifest_Generation[sdk=iphonesimulator*]" = YES;
				"INFOPLIST_KEY_UIApplicationSupportsIndirectInputEvents[sdk=iphoneos*]" = YES;
				"INFOPLIST_KEY_UIApplicationSupportsIndirectInputEvents[sdk=iphonesimulator*]" = YES;
				"INFOPLIST_KEY_UILaunchScreen_Generation[sdk=iphoneos*]" = YES;
				"INFOPLIST_KEY_UILaunchScreen_Generation[sdk=iphonesimulator*]" = YES;
				"INFOPLIST_KEY_UIStatusBarStyle[sdk=iphoneos*]" = UIStatusBarStyleDefault;
				"INFOPLIST_KEY_UIStatusBarStyle[sdk=iphonesimulator*]" = UIStatusBarStyleDefault;
				INFOPLIST_KEY_UISupportedInterfaceOrientations_iPad = "UIInterfaceOrientationPortrait UIInterfaceOrientationPortraitUpsideDown UIInterfaceOrientationLandscapeLeft UIInterfaceOrientationLandscapeRight";
				INFOPLIST_KEY_UISupportedInterfaceOrientations_iPhone = "UIInterfaceOrientationPortrait UIInterfaceOrientationLandscapeLeft UIInterfaceOrientationLandscapeRight";
				IPHONEOS_DEPLOYMENT_TARGET = 15.5;
				LD_RUNPATH_SEARCH_PATHS = "@executable_path/Frameworks";
				"LD_RUNPATH_SEARCH_PATHS[sdk=macosx*]" = "@executable_path/../Frameworks";
				MACOSX_DEPLOYMENT_TARGET = 12.6;
				MARKETING_VERSION = 1.0;
				PRODUCT_BUNDLE_IDENTIFIER = "uj.Z2-List";
				PRODUCT_NAME = "$(TARGET_NAME)";
				SDKROOT = auto;
				SUPPORTED_PLATFORMS = "iphoneos iphonesimulator macosx";
				SWIFT_EMIT_LOC_STRINGS = YES;
				SWIFT_VERSION = 5.0;
				TARGETED_DEVICE_FAMILY = "1,2";
			};
			name = Debug;
		};
		F961400E2986F114003C0532 /* Release */ = {
			isa = XCBuildConfiguration;
			buildSettings = {
				ASSETCATALOG_COMPILER_APPICON_NAME = AppIcon;
				ASSETCATALOG_COMPILER_GLOBAL_ACCENT_COLOR_NAME = AccentColor;
				CODE_SIGN_ENTITLEMENTS = "Z2 List/Z2_List.entitlements";
				CODE_SIGN_STYLE = Automatic;
				CURRENT_PROJECT_VERSION = 1;
				DEVELOPMENT_ASSET_PATHS = "\"Z2 List/Preview Content\"";
				ENABLE_PREVIEWS = YES;
				GENERATE_INFOPLIST_FILE = YES;
				"INFOPLIST_KEY_UIApplicationSceneManifest_Generation[sdk=iphoneos*]" = YES;
				"INFOPLIST_KEY_UIApplicationSceneManifest_Generation[sdk=iphonesimulator*]" = YES;
				"INFOPLIST_KEY_UIApplicationSupportsIndirectInputEvents[sdk=iphoneos*]" = YES;
				"INFOPLIST_KEY_UIApplicationSupportsIndirectInputEvents[sdk=iphonesimulator*]" = YES;
				"INFOPLIST_KEY_UILaunchScreen_Generation[sdk=iphoneos*]" = YES;
				"INFOPLIST_KEY_UILaunchScreen_Generation[sdk=iphonesimulator*]" = YES;
				"INFOPLIST_KEY_UIStatusBarStyle[sdk=iphoneos*]" = UIStatusBarStyleDefault;
				"INFOPLIST_KEY_UIStatusBarStyle[sdk=iphonesimulator*]" = UIStatusBarStyleDefault;
				INFOPLIST_KEY_UISupportedInterfaceOrientations_iPad = "UIInterfaceOrientationPortrait UIInterfaceOrientationPortraitUpsideDown UIInterfaceOrientationLandscapeLeft UIInterfaceOrientationLandscapeRight";
				INFOPLIST_KEY_UISupportedInterfaceOrientations_iPhone = "UIInterfaceOrientationPortrait UIInterfaceOrientationLandscapeLeft UIInterfaceOrientationLandscapeRight";
				IPHONEOS_DEPLOYMENT_TARGET = 15.5;
				LD_RUNPATH_SEARCH_PATHS = "@executable_path/Frameworks";
				"LD_RUNPATH_SEARCH_PATHS[sdk=macosx*]" = "@executable_path/../Frameworks";
				MACOSX_DEPLOYMENT_TARGET = 12.6;
				MARKETING_VERSION = 1.0;
				PRODUCT_BUNDLE_IDENTIFIER = "uj.Z2-List";
				PRODUCT_NAME = "$(TARGET_NAME)";
				SDKROOT = auto;
				SUPPORTED_PLATFORMS = "iphoneos iphonesimulator macosx";
				SWIFT_EMIT_LOC_STRINGS = YES;
				SWIFT_VERSION = 5.0;
				TARGETED_DEVICE_FAMILY = "1,2";
			};
			name = Release;
		};
		F96140102986F114003C0532 /* Debug */ = {
			isa = XCBuildConfiguration;
			buildSettings = {
				ALWAYS_EMBED_SWIFT_STANDARD_LIBRARIES = YES;
				BUNDLE_LOADER = "$(TEST_HOST)";
				CODE_SIGN_STYLE = Automatic;
				CURRENT_PROJECT_VERSION = 1;
				GENERATE_INFOPLIST_FILE = YES;
				IPHONEOS_DEPLOYMENT_TARGET = 16.2;
				MACOSX_DEPLOYMENT_TARGET = 12.6;
				MARKETING_VERSION = 1.0;
				PRODUCT_BUNDLE_IDENTIFIER = "uj.Z2-ListTests";
				PRODUCT_NAME = "$(TARGET_NAME)";
				SDKROOT = auto;
				SUPPORTED_PLATFORMS = "iphoneos iphonesimulator macosx";
				SWIFT_EMIT_LOC_STRINGS = NO;
				SWIFT_VERSION = 5.0;
				TARGETED_DEVICE_FAMILY = "1,2";
				TEST_HOST = "$(BUILT_PRODUCTS_DIR)/Z2 List.app/$(BUNDLE_EXECUTABLE_FOLDER_PATH)/Z2 List";
			};
			name = Debug;
		};
		F96140112986F114003C0532 /* Release */ = {
			isa = XCBuildConfiguration;
			buildSettings = {
				ALWAYS_EMBED_SWIFT_STANDARD_LIBRARIES = YES;
				BUNDLE_LOADER = "$(TEST_HOST)";
				CODE_SIGN_STYLE = Automatic;
				CURRENT_PROJECT_VERSION = 1;
				GENERATE_INFOPLIST_FILE = YES;
				IPHONEOS_DEPLOYMENT_TARGET = 16.2;
				MACOSX_DEPLOYMENT_TARGET = 12.6;
				MARKETING_VERSION = 1.0;
				PRODUCT_BUNDLE_IDENTIFIER = "uj.Z2-ListTests";
				PRODUCT_NAME = "$(TARGET_NAME)";
				SDKROOT = auto;
				SUPPORTED_PLATFORMS = "iphoneos iphonesimulator macosx";
				SWIFT_EMIT_LOC_STRINGS = NO;
				SWIFT_VERSION = 5.0;
				TARGETED_DEVICE_FAMILY = "1,2";
				TEST_HOST = "$(BUILT_PRODUCTS_DIR)/Z2 List.app/$(BUNDLE_EXECUTABLE_FOLDER_PATH)/Z2 List";
			};
			name = Release;
		};
		F96140132986F114003C0532 /* Debug */ = {
			isa = XCBuildConfiguration;
			buildSettings = {
				ALWAYS_EMBED_SWIFT_STANDARD_LIBRARIES = YES;
				CODE_SIGN_STYLE = Automatic;
				CURRENT_PROJECT_VERSION = 1;
				GENERATE_INFOPLIST_FILE = YES;
				IPHONEOS_DEPLOYMENT_TARGET = 16.2;
				MACOSX_DEPLOYMENT_TARGET = 12.6;
				MARKETING_VERSION = 1.0;
				PRODUCT_BUNDLE_IDENTIFIER = "uj.Z2-ListUITests";
				PRODUCT_NAME = "$(TARGET_NAME)";
				SDKROOT = auto;
				SUPPORTED_PLATFORMS = "iphoneos iphonesimulator macosx";
				SWIFT_EMIT_LOC_STRINGS = NO;
				SWIFT_VERSION = 5.0;
				TARGETED_DEVICE_FAMILY = "1,2";
				TEST_TARGET_NAME = "Z2 List";
			};
			name = Debug;
		};
		F96140142986F114003C0532 /* Release */ = {
			isa = XCBuildConfiguration;
			buildSettings = {
				ALWAYS_EMBED_SWIFT_STANDARD_LIBRARIES = YES;
				CODE_SIGN_STYLE = Automatic;
				CURRENT_PROJECT_VERSION = 1;
				GENERATE_INFOPLIST_FILE = YES;
				IPHONEOS_DEPLOYMENT_TARGET = 16.2;
				MACOSX_DEPLOYMENT_TARGET = 12.6;
				MARKETING_VERSION = 1.0;
				PRODUCT_BUNDLE_IDENTIFIER = "uj.Z2-ListUITests";
				PRODUCT_NAME = "$(TARGET_NAME)";
				SDKROOT = auto;
				SUPPORTED_PLATFORMS = "iphoneos iphonesimulator macosx";
				SWIFT_EMIT_LOC_STRINGS = NO;
				SWIFT_VERSION = 5.0;
				TARGETED_DEVICE_FAMILY = "1,2";
				TEST_TARGET_NAME = "Z2 List";
			};
			name = Release;
		};
/* End XCBuildConfiguration section */

/* Begin XCConfigurationList section */
		F9613FE22986F112003C0532 /* Build configuration list for PBXProject "Z2 List" */ = {
			isa = XCConfigurationList;
			buildConfigurations = (
				F961400A2986F114003C0532 /* Debug */,
				F961400B2986F114003C0532 /* Release */,
			);
			defaultConfigurationIsVisible = 0;
			defaultConfigurationName = Release;
		};
		F961400C2986F114003C0532 /* Build configuration list for PBXNativeTarget "Z2 List" */ = {
			isa = XCConfigurationList;
			buildConfigurations = (
				F961400D2986F114003C0532 /* Debug */,
				F961400E2986F114003C0532 /* Release */,
			);
			defaultConfigurationIsVisible = 0;
			defaultConfigurationName = Release;
		};
		F961400F2986F114003C0532 /* Build configuration list for PBXNativeTarget "Z2 ListTests" */ = {
			isa = XCConfigurationList;
			buildConfigurations = (
				F96140102986F114003C0532 /* Debug */,
				F96140112986F114003C0532 /* Release */,
			);
			defaultConfigurationIsVisible = 0;
			defaultConfigurationName = Release;
		};
		F96140122986F114003C0532 /* Build configuration list for PBXNativeTarget "Z2 ListUITests" */ = {
			isa = XCConfigurationList;
			buildConfigurations = (
				F96140132986F114003C0532 /* Debug */,
				F96140142986F114003C0532 /* Release */,
			);
			defaultConfigurationIsVisible = 0;
			defaultConfigurationName = Release;
		};
/* End XCConfigurationList section */
	};
	rootObject = F9613FDF2986F112003C0532 /* Project object */;
}
